# This file was autogenerated by Stack.
# You should not edit this file by hand.
# For more information, please see the documentation at:
#   https://docs.haskellstack.org/en/stable/topics/lock_files

packages: []
snapshots:
- completed:
    sha256: da06d4f8f0be5afcb9842f8be858d4a7c83a3c1e97caed2f46f758c51ac34bef
    size: 687342
    url: https://raw.githubusercontent.com/commercialhaskell/stackage-snapshots/master/nightly/2025/8/21.yaml
  original: nightly-2025-08-21
